<?xml version="1.0" encoding="utf-8"?>
<Project ToolsVersion="4.0" xmlns="http://schemas.microsoft.com/developer/msbuild/2003">
  <ItemGroup>
    <Filter Include="Meshes">
      <UniqueIdentifier>{eb03524b-9206-43f3-b20d-07863acf97c0}</UniqueIdentifier>
    </Filter>
    <Filter Include="Shaders">
      <UniqueIdentifier>{67DA6AB6-F800-4c08-8B7A-83BB121AAD01}</UniqueIdentifier>
      <Extensions>rc;ico;cur;bmp;dlg;rc2;rct;bin;rgs;gif;jpg;jpeg;jpe;resx;tiff;tif;png;wav;mfcribbon-ms</Extensions>
    </Filter>
    <Filter Include="Components">
      <UniqueIdentifier>{73fbc2e2-6a82-4d6f-93df-442ec7aff6d0}</UniqueIdentifier>
    </Filter>
    <Filter Include="Geometry">
      <UniqueIdentifier>{2672db9e-32df-4195-b506-2b07268a56d9}</UniqueIdentifier>
    </Filter>
    <Filter Include="Graphics">
      <UniqueIdentifier>{20b7d43c-616e-4b99-9a74-fb3ae0ab3cb1}</UniqueIdentifier>
    </Filter>
    <Filter Include="Maths">
      <UniqueIdentifier>{5a67bf87-8677-4831-9b31-21f37c36e22c}</UniqueIdentifier>
    </Filter>
    <Filter Include="GameSpecific">
      <UniqueIdentifier>{8ace821c-2547-4f95-9f7e-1633d7b94930}</UniqueIdentifier>
    </Filter>
    <Filter Include="Input">
      <UniqueIdentifier>{82c5b54b-702b-49c1-98f4-3b81457f0bbc}</UniqueIdentifier>
    </Filter>
    <Filter Include="Physics">
      <UniqueIdentifier>{5ddb3c49-db40-4181-9c60-5c549533687d}</UniqueIdentifier>
    </Filter>
    <Filter Include="Base">
      <UniqueIdentifier>{6dfe49a1-66b3-4219-9720-0991b461f53b}</UniqueIdentifier>
    </Filter>
    <Filter Include="UI">
      <UniqueIdentifier>{fa184b9d-cb1f-4ba1-ae2f-edfeb27ad388}</UniqueIdentifier>
    </Filter>
    <Filter Include="FMS">
      <UniqueIdentifier>{5feb72a1-c87b-4fe0-a6b6-90cdc0660d67}</UniqueIdentifier>
    </Filter>
  </ItemGroup>
  <ItemGroup>
    <ClCompile Include="Actor.cpp">
      <Filter>Components</Filter>
    </ClCompile>
    <ClCompile Include="AnimSpriteComponent.cpp">
      <Filter>Components</Filter>
    </ClCompile>
    <ClCompile Include="BackgroundSpriteComponent.cpp">
      <Filter>Components</Filter>
    </ClCompile>
    <ClCompile Include="CircleCollisionComponent.cpp">
      <Filter>Components</Filter>
    </ClCompile>
    <ClCompile Include="Component.cpp">
      <Filter>Components</Filter>
    </ClCompile>
    <ClCompile Include="InputComponent.cpp">
      <Filter>Components</Filter>
    </ClCompile>
    <ClCompile Include="MeshComponent.cpp">
      <Filter>Components</Filter>
    </ClCompile>
    <ClCompile Include="MoveComponent.cpp">
      <Filter>Components</Filter>
    </ClCompile>
    <ClCompile Include="SpriteComponent.cpp">
      <Filter>Components</Filter>
    </ClCompile>
    <ClCompile Include="CubeActor.cpp">
      <Filter>Geometry</Filter>
    </ClCompile>
    <ClCompile Include="PlaneActor.cpp">
      <Filter>Geometry</Filter>
    </ClCompile>
    <ClCompile Include="SphereActor.cpp">
      <Filter>Geometry</Filter>
    </ClCompile>
    <ClCompile Include="Camera.cpp">
      <Filter>Graphics</Filter>
    </ClCompile>
    <ClCompile Include="Mesh.cpp">
      <Filter>Graphics</Filter>
    </ClCompile>
    <ClCompile Include="RendererOGL.cpp">
      <Filter>Graphics</Filter>
    </ClCompile>
    <ClCompile Include="Shader.cpp">
      <Filter>Graphics</Filter>
    </ClCompile>
    <ClCompile Include="Texture.cpp">
      <Filter>Graphics</Filter>
    </ClCompile>
    <ClCompile Include="VertexArray.cpp">
      <Filter>Graphics</Filter>
    </ClCompile>
    <ClCompile Include="Matrix4.cpp">
      <Filter>Maths</Filter>
    </ClCompile>
    <ClCompile Include="Quaternion.cpp">
      <Filter>Maths</Filter>
    </ClCompile>
    <ClCompile Include="Random.cpp">
      <Filter>Maths</Filter>
    </ClCompile>
    <ClCompile Include="Rectangle.cpp">
      <Filter>Maths</Filter>
    </ClCompile>
    <ClCompile Include="Vector2.cpp">
      <Filter>Maths</Filter>
    </ClCompile>
    <ClCompile Include="Vector3.cpp">
      <Filter>Maths</Filter>
    </ClCompile>
    <ClCompile Include="Character.cpp">
      <Filter>GameSpecific</Filter>
    </ClCompile>
    <ClCompile Include="InputSystem.cpp">
      <Filter>Input</Filter>
    </ClCompile>
    <ClCompile Include="KeyboardState.cpp">
      <Filter>Input</Filter>
    </ClCompile>
    <ClCompile Include="MouseState.cpp">
      <Filter>Input</Filter>
    </ClCompile>
    <ClCompile Include="Assets.cpp">
      <Filter>Base</Filter>
    </ClCompile>
    <ClCompile Include="Game.cpp">
      <Filter>Base</Filter>
    </ClCompile>
    <ClCompile Include="Log.cpp">
      <Filter>Base</Filter>
    </ClCompile>
    <ClCompile Include="main.cpp">
      <Filter>Base</Filter>
    </ClCompile>
    <ClCompile Include="Subject.cpp">
      <Filter>Base</Filter>
    </ClCompile>
    <ClCompile Include="Timer.cpp">
      <Filter>Base</Filter>
    </ClCompile>
    <ClCompile Include="Window.cpp">
      <Filter>Base</Filter>
    </ClCompile>
    <ClCompile Include="AABB.cpp">
      <Filter>Physics</Filter>
    </ClCompile>
    <ClCompile Include="Collisions.cpp">
      <Filter>Physics</Filter>
    </ClCompile>
    <ClCompile Include="LineSegment.cpp">
      <Filter>Physics</Filter>
    </ClCompile>
    <ClCompile Include="Plane.cpp">
      <Filter>Physics</Filter>
    </ClCompile>
    <ClCompile Include="Sphere.cpp">
      <Filter>Physics</Filter>
    </ClCompile>
    <ClCompile Include="BoxCollisionComponent.cpp">
      <Filter>Components</Filter>
    </ClCompile>
    <ClCompile Include="PhysicsSystem.cpp">
      <Filter>Physics</Filter>
    </ClCompile>
    <ClCompile Include="BallActor.cpp">
      <Filter>GameSpecific</Filter>
    </ClCompile>
    <ClCompile Include="Enemy.cpp">
      <Filter>GameSpecific</Filter>
    </ClCompile>
    <ClCompile Include="BallMoveComponent.cpp">
      <Filter>Components</Filter>
    </ClCompile>
    <ClCompile Include="Font.cpp">
      <Filter>UI</Filter>
    </ClCompile>
    <ClCompile Include="UIScreen.cpp">
      <Filter>UI</Filter>
    </ClCompile>
    <ClCompile Include="PauseMenu.cpp">
      <Filter>UI</Filter>
    </ClCompile>
    <ClCompile Include="Button.cpp">
      <Filter>UI</Filter>
    </ClCompile>
    <ClCompile Include="DialogBox.cpp">
      <Filter>UI</Filter>
    </ClCompile>
    <ClCompile Include="Asteroid.cpp">
      <Filter>GameSpecific</Filter>
    </ClCompile>
    <ClCompile Include="Station.cpp">
      <Filter>GameSpecific</Filter>
    </ClCompile>
    <ClCompile Include="TargetPoint.cpp">
      <Filter>GameSpecific</Filter>
    </ClCompile>
    <ClCompile Include="StateMachine.cpp">
      <Filter>FMS</Filter>
    </ClCompile>
  </ItemGroup>
  <ItemGroup>
    <ClInclude Include="Actor.h">
      <Filter>Components</Filter>
    </ClInclude>
    <ClInclude Include="AnimSpriteComponent.h">
      <Filter>Components</Filter>
    </ClInclude>
    <ClInclude Include="BackgroundSpriteComponent.h">
      <Filter>Components</Filter>
    </ClInclude>
    <ClInclude Include="CircleCollisionComponent.h">
      <Filter>Components</Filter>
    </ClInclude>
    <ClInclude Include="Component.h">
      <Filter>Components</Filter>
    </ClInclude>
    <ClInclude Include="InputComponent.h">
      <Filter>Components</Filter>
    </ClInclude>
    <ClInclude Include="MeshComponent.h">
      <Filter>Components</Filter>
    </ClInclude>
    <ClInclude Include="MoveComponent.h">
      <Filter>Components</Filter>
    </ClInclude>
    <ClInclude Include="SpriteComponent.h">
      <Filter>Components</Filter>
    </ClInclude>
    <ClInclude Include="CubeActor.h">
      <Filter>Geometry</Filter>
    </ClInclude>
    <ClInclude Include="PlaneActor.h">
      <Filter>Geometry</Filter>
    </ClInclude>
    <ClInclude Include="SphereActor.h">
      <Filter>Geometry</Filter>
    </ClInclude>
    <ClInclude Include="Camera.h">
      <Filter>Graphics</Filter>
    </ClInclude>
    <ClInclude Include="IRenderer.h">
      <Filter>Graphics</Filter>
    </ClInclude>
    <ClInclude Include="Mesh.h">
      <Filter>Graphics</Filter>
    </ClInclude>
    <ClInclude Include="RendererOGL.h">
      <Filter>Graphics</Filter>
    </ClInclude>
    <ClInclude Include="Shader.h">
      <Filter>Graphics</Filter>
    </ClInclude>
    <ClInclude Include="Texture.h">
      <Filter>Graphics</Filter>
    </ClInclude>
    <ClInclude Include="VertexArray.h">
      <Filter>Graphics</Filter>
    </ClInclude>
    <ClInclude Include="Maths.h">
      <Filter>Maths</Filter>
    </ClInclude>
    <ClInclude Include="Matrix4.h">
      <Filter>Maths</Filter>
    </ClInclude>
    <ClInclude Include="Quaternion.h">
      <Filter>Maths</Filter>
    </ClInclude>
    <ClInclude Include="Random.h">
      <Filter>Maths</Filter>
    </ClInclude>
    <ClInclude Include="Rectangle.h">
      <Filter>Maths</Filter>
    </ClInclude>
    <ClInclude Include="Vector2.h">
      <Filter>Maths</Filter>
    </ClInclude>
    <ClInclude Include="Vector3.h">
      <Filter>Maths</Filter>
    </ClInclude>
    <ClInclude Include="DirectionalLight.h">
      <Filter>Graphics</Filter>
    </ClInclude>
    <ClInclude Include="Character.h">
      <Filter>GameSpecific</Filter>
    </ClInclude>
    <ClInclude Include="InputSystem.h">
      <Filter>Input</Filter>
    </ClInclude>
    <ClInclude Include="KeyboardState.h">
      <Filter>Input</Filter>
    </ClInclude>
    <ClInclude Include="MouseState.h">
      <Filter>Input</Filter>
    </ClInclude>
    <ClInclude Include="Achievements.h">
      <Filter>GameSpecific</Filter>
    </ClInclude>
    <ClInclude Include="AABB.h">
      <Filter>Physics</Filter>
    </ClInclude>
    <ClInclude Include="Assets.h">
      <Filter>Base</Filter>
    </ClInclude>
    <ClInclude Include="Game.h">
      <Filter>Base</Filter>
    </ClInclude>
    <ClInclude Include="Log.h">
      <Filter>Base</Filter>
    </ClInclude>
    <ClInclude Include="Observer.h">
      <Filter>Base</Filter>
    </ClInclude>
    <ClInclude Include="Subject.h">
      <Filter>Base</Filter>
    </ClInclude>
    <ClInclude Include="Timer.h">
      <Filter>Base</Filter>
    </ClInclude>
    <ClInclude Include="Window.h">
      <Filter>Base</Filter>
    </ClInclude>
    <ClInclude Include="Collisions.h">
      <Filter>Physics</Filter>
    </ClInclude>
    <ClInclude Include="LineSegment.h">
      <Filter>Physics</Filter>
    </ClInclude>
    <ClInclude Include="Plane.h">
      <Filter>Physics</Filter>
    </ClInclude>
    <ClInclude Include="Sphere.h">
      <Filter>Physics</Filter>
    </ClInclude>
    <ClInclude Include="BoxCollisionComponent.h">
      <Filter>Components</Filter>
    </ClInclude>
    <ClInclude Include="PhysicsSystem.h">
      <Filter>Physics</Filter>
    </ClInclude>
    <ClInclude Include="BallActor.h">
      <Filter>GameSpecific</Filter>
    </ClInclude>
    <ClInclude Include="Enemy.h">
      <Filter>GameSpecific</Filter>
    </ClInclude>
    <ClInclude Include="BallMoveComponent.h">
      <Filter>Components</Filter>
    </ClInclude>
    <ClInclude Include="Font.h">
      <Filter>UI</Filter>
    </ClInclude>
    <ClInclude Include="Color.h">
      <Filter>UI</Filter>
    </ClInclude>
    <ClInclude Include="UIScreen.h">
      <Filter>UI</Filter>
    </ClInclude>
    <ClInclude Include="PauseMenu.h">
      <Filter>UI</Filter>
    </ClInclude>
    <ClInclude Include="DialogBox.h">
      <Filter>UI</Filter>
    </ClInclude>
    <ClInclude Include="Button.h">
      <Filter>UI</Filter>
    </ClInclude>
    <ClInclude Include="Asteroid.h">
      <Filter>GameSpecific</Filter>
    </ClInclude>
    <ClInclude Include="Station.h">
      <Filter>GameSpecific</Filter>
    </ClInclude>
    <ClInclude Include="TargetPoint.h">
      <Filter>GameSpecific</Filter>
    </ClInclude>
    <ClInclude Include="State.h">
      <Filter>FMS</Filter>
    </ClInclude>
    <ClInclude Include="StateMachine.h">
      <Filter>FMS</Filter>
    </ClInclude>
  </ItemGroup>
  <ItemGroup>
    <None Include="Res\Shaders\Sprite.frag">
      <Filter>Shaders</Filter>
    </None>
    <None Include="Res\Shaders\Sprite.vert">
      <Filter>Shaders</Filter>
    </None>
    <None Include="Res\Shaders\BasicMesh.frag">
      <Filter>Shaders</Filter>
    </None>
    <None Include="Res\Shaders\BasicMesh.vert">
      <Filter>Shaders</Filter>
    </None>
    <None Include="Res\Meshes\Cube.gpmesh">
      <Filter>Meshes</Filter>
    </None>
    <None Include="Res\Meshes\Plane.gpmesh">
      <Filter>Meshes</Filter>
    </None>
    <None Include="Res\Meshes\Sphere.gpmesh">
      <Filter>Meshes</Filter>
    </None>
    <None Include="Res\Shaders\Phong.vert">
      <Filter>Shaders</Filter>
    </None>
    <None Include="Res\Shaders\Phong.frag">
      <Filter>Shaders</Filter>
    </None>
    <None Include="Res\Shaders\LineTrace.frag">
      <Filter>Shaders</Filter>
    </None>
    <None Include="Res\Shaders\LineTrace.vert">
      <Filter>Shaders</Filter>
    </None>
  </ItemGroup>
</Project>